
Microsoft Visual Studio Solution File, Format Version 11.00
# Visual Studio 2010
Project("{FAE04EC0-301F-11D3-BF4B-00C04F79EFBC}") = "Assembly-CSharp", "Assembly-CSharp.csproj", "{493EBE83-4246-7C49-5641-10135BC0759D}"
EndProject
Project("{FAE04EC0-301F-11D3-BF4B-00C04F79EFBC}") = "Assembly-CSharp-Editor", "Assembly-CSharp-Editor.csproj", "{882C34D6-979E-16C0-3E82-E2AFB362E5A8}"
EndProject
Global
	GlobalSection(SolutionConfigurationPlatforms) = preSolution
		Debug|Any CPU = Debug|Any CPU
		Release|Any CPU = Release|Any CPU
	EndGlobalSection
	GlobalSection(ProjectConfigurationPlatforms) = postSolution
		{493EBE83-4246-7C49-5641-10135BC0759D}.Debug|Any CPU.ActiveCfg = Debug|Any CPU
		{493EBE83-4246-7C49-5641-10135BC0759D}.Debug|Any CPU.Build.0 = Debug|Any CPU
		{493EBE83-4246-7C49-5641-10135BC0759D}.Release|Any CPU.ActiveCfg = Release|Any CPU
		{493EBE83-4246-7C49-5641-10135BC0759D}.Release|Any CPU.Build.0 = Release|Any CPU
		{882C34D6-979E-16C0-3E82-E2AFB362E5A8}.Debug|Any CPU.ActiveCfg = Debug|Any CPU
		{882C34D6-979E-16C0-3E82-E2AFB362E5A8}.Debug|Any CPU.Build.0 = Debug|Any CPU
		{882C34D6-979E-16C0-3E82-E2AFB362E5A8}.Release|Any CPU.ActiveCfg = Release|Any CPU
		{882C34D6-979E-16C0-3E82-E2AFB362E5A8}.Release|Any CPU.Build.0 = Release|Any CPU
	EndGlobalSection
	GlobalSection(SolutionProperties) = preSolution
		HideSolutionNode = FALSE
	EndGlobalSection
EndGlobal
