
Microsoft Visual Studio Solution File, Format Version 11.00
# Visual Studio 2010
Project("{FAE04EC0-301F-11D3-BF4B-00C04F79EFBC}") = "Assembly-CSharp", "Assembly-CSharp.csproj", "{0989E2D4-C778-1CBC-7100-9A7C9E1D9EE1}"
EndProject
Global
	GlobalSection(SolutionConfigurationPlatforms) = preSolution
		Debug|Any CPU = Debug|Any CPU
		Release|Any CPU = Release|Any CPU
	EndGlobalSection
	GlobalSection(ProjectConfigurationPlatforms) = postSolution
		{0989E2D4-C778-1CBC-7100-9A7C9E1D9EE1}.Debug|Any CPU.ActiveCfg = Debug|Any CPU
		{0989E2D4-C778-1CBC-7100-9A7C9E1D9EE1}.Debug|Any CPU.Build.0 = Debug|Any CPU
		{0989E2D4-C778-1CBC-7100-9A7C9E1D9EE1}.Release|Any CPU.ActiveCfg = Release|Any CPU
		{0989E2D4-C778-1CBC-7100-9A7C9E1D9EE1}.Release|Any CPU.Build.0 = Release|Any CPU
	EndGlobalSection
	GlobalSection(SolutionProperties) = preSolution
		HideSolutionNode = FALSE
	EndGlobalSection
EndGlobal
